
Microsoft Visual Studio Solution File, Format Version 12.00
# Visual Studio Version 17
VisualStudioVersion = 17.0.31903.59
MinimumVisualStudioVersion = 10.0.40219.1
Project("{2150E333-8FDC-42A3-9474-1A3956D46DE8}") = "src", "src", "{571F3DE7-A047-4F09-9EE6-4E5B2AF77347}"
EndProject
Project("{FAE04EC0-301F-11D3-BF4B-00C04F79EFBC}") = "EnterpriseTaskManager.API", "src\EnterpriseTaskManager.API\EnterpriseTaskManager.API.csproj", "{488ED311-19B2-4D01-A159-AD278FD6AA89}"
EndProject
Project("{2150E333-8FDC-42A3-9474-1A3956D46DE8}") = "tests", "tests", "{EDECAA83-F13E-416A-82E5-D46CF6A02471}"
EndProject
Project("{FAE04EC0-301F-11D3-BF4B-00C04F79EFBC}") = "EnterpriseTaskManager.Tests", "tests\EnterpriseTaskManager.Tests\EnterpriseTaskManager.Tests.csproj", "{17C11EAE-79E4-4F18-875A-F1F35D2AC2E4}"
EndProject
Global
	GlobalSection(SolutionConfigurationPlatforms) = preSolution
		Debug|Any CPU = Debug|Any CPU
		Release|Any CPU = Release|Any CPU
	EndGlobalSection
	GlobalSection(SolutionProperties) = preSolution
		HideSolutionNode = FALSE
	EndGlobalSection
	GlobalSection(ProjectConfigurationPlatforms) = postSolution
		{488ED311-19B2-4D01-A159-AD278FD6AA89}.Debug|Any CPU.ActiveCfg = Debug|Any CPU
		{488ED311-19B2-4D01-A159-AD278FD6AA89}.Debug|Any CPU.Build.0 = Debug|Any CPU
		{488ED311-19B2-4D01-A159-AD278FD6AA89}.Release|Any CPU.ActiveCfg = Release|Any CPU
		{488ED311-19B2-4D01-A159-AD278FD6AA89}.Release|Any CPU.Build.0 = Release|Any CPU
		{17C11EAE-79E4-4F18-875A-F1F35D2AC2E4}.Debug|Any CPU.ActiveCfg = Debug|Any CPU
		{17C11EAE-79E4-4F18-875A-F1F35D2AC2E4}.Debug|Any CPU.Build.0 = Debug|Any CPU
		{17C11EAE-79E4-4F18-875A-F1F35D2AC2E4}.Release|Any CPU.ActiveCfg = Release|Any CPU
		{17C11EAE-79E4-4F18-875A-F1F35D2AC2E4}.Release|Any CPU.Build.0 = Release|Any CPU
	EndGlobalSection
	GlobalSection(NestedProjects) = preSolution
		{488ED311-19B2-4D01-A159-AD278FD6AA89} = {571F3DE7-A047-4F09-9EE6-4E5B2AF77347}
		{17C11EAE-79E4-4F18-875A-F1F35D2AC2E4} = {EDECAA83-F13E-416A-82E5-D46CF6A02471}
	EndGlobalSection
EndGlobal
